
Microsoft Visual Studio Solution File, Format Version 12.00
# Visual Studio 2013
VisualStudioVersion = 12.0.21005.1
MinimumVisualStudioVersion = 10.0.40219.1
Project("{FAE04EC0-301F-11D3-BF4B-00C04F79EFBC}") = "PayLater", "PayLater\PayLater.csproj", "{F08A075D-EC3B-4A8F-944B-721693392AA4}"
EndProject
Project("{FAE04EC0-301F-11D3-BF4B-00C04F79EFBC}") = "PSSServicesConnector", "PSSServicesConnector\PSSServicesConnector.csproj", "{293DA5E7-D02C-4822-9AB0-4635A9813573}"
EndProject
Project("{FAE04EC0-301F-11D3-BF4B-00C04F79EFBC}") = "DBConnector", "DBConnector\DBConnector.csproj", "{C4573916-2355-4E81-989F-B687BC86C5DB}"
EndProject
Project("{FAE04EC0-301F-11D3-BF4B-00C04F79EFBC}") = "PaylaterException", "PaylaterException\PaylaterException.csproj", "{0186DB04-86A7-473E-B1D6-388655BFB8DE}"
EndProject
Project("{FAE04EC0-301F-11D3-BF4B-00C04F79EFBC}") = "Domain", "Domain\Domain.csproj", "{E2452E34-1303-46C0-B3DC-E2D480F7517F}"
EndProject
Global
	GlobalSection(SolutionConfigurationPlatforms) = preSolution
		Debug|Any CPU = Debug|Any CPU
		Release|Any CPU = Release|Any CPU
	EndGlobalSection
	GlobalSection(ProjectConfigurationPlatforms) = postSolution
		{F08A075D-EC3B-4A8F-944B-721693392AA4}.Debug|Any CPU.ActiveCfg = Debug|Any CPU
		{F08A075D-EC3B-4A8F-944B-721693392AA4}.Debug|Any CPU.Build.0 = Debug|Any CPU
		{F08A075D-EC3B-4A8F-944B-721693392AA4}.Release|Any CPU.ActiveCfg = Release|Any CPU
		{F08A075D-EC3B-4A8F-944B-721693392AA4}.Release|Any CPU.Build.0 = Release|Any CPU
		{293DA5E7-D02C-4822-9AB0-4635A9813573}.Debug|Any CPU.ActiveCfg = Debug|Any CPU
		{293DA5E7-D02C-4822-9AB0-4635A9813573}.Debug|Any CPU.Build.0 = Debug|Any CPU
		{293DA5E7-D02C-4822-9AB0-4635A9813573}.Release|Any CPU.ActiveCfg = Release|Any CPU
		{293DA5E7-D02C-4822-9AB0-4635A9813573}.Release|Any CPU.Build.0 = Release|Any CPU
		{C4573916-2355-4E81-989F-B687BC86C5DB}.Debug|Any CPU.ActiveCfg = Debug|Any CPU
		{C4573916-2355-4E81-989F-B687BC86C5DB}.Debug|Any CPU.Build.0 = Debug|Any CPU
		{C4573916-2355-4E81-989F-B687BC86C5DB}.Release|Any CPU.ActiveCfg = Release|Any CPU
		{C4573916-2355-4E81-989F-B687BC86C5DB}.Release|Any CPU.Build.0 = Release|Any CPU
		{0186DB04-86A7-473E-B1D6-388655BFB8DE}.Debug|Any CPU.ActiveCfg = Debug|Any CPU
		{0186DB04-86A7-473E-B1D6-388655BFB8DE}.Debug|Any CPU.Build.0 = Debug|Any CPU
		{0186DB04-86A7-473E-B1D6-388655BFB8DE}.Release|Any CPU.ActiveCfg = Release|Any CPU
		{0186DB04-86A7-473E-B1D6-388655BFB8DE}.Release|Any CPU.Build.0 = Release|Any CPU
		{E2452E34-1303-46C0-B3DC-E2D480F7517F}.Debug|Any CPU.ActiveCfg = Debug|Any CPU
		{E2452E34-1303-46C0-B3DC-E2D480F7517F}.Debug|Any CPU.Build.0 = Debug|Any CPU
		{E2452E34-1303-46C0-B3DC-E2D480F7517F}.Release|Any CPU.ActiveCfg = Release|Any CPU
		{E2452E34-1303-46C0-B3DC-E2D480F7517F}.Release|Any CPU.Build.0 = Release|Any CPU
	EndGlobalSection
	GlobalSection(SolutionProperties) = preSolution
		HideSolutionNode = FALSE
	EndGlobalSection
EndGlobal
